
Microsoft Visual Studio Solution File, Format Version 12.00
# Visual Studio Version 16
VisualStudioVersion = 16.0.29519.87
MinimumVisualStudioVersion = 10.0.40219.1
Project("{8BC9CEB8-8B4A-11D0-8D11-00A0C91BC942}") = "Fast Linked List", "Fast Linked List\Fast Linked List.vcxproj", "{804D9A5F-29C9-4850-8EE2-DF08BD2FC83C}"
EndProject
Global
	GlobalSection(SolutionConfigurationPlatforms) = preSolution
		Debug|x64 = Debug|x64
		Debug|x86 = Debug|x86
		Release|x64 = Release|x64
		Release|x86 = Release|x86
	EndGlobalSection
	GlobalSection(ProjectConfigurationPlatforms) = postSolution
		{804D9A5F-29C9-4850-8EE2-DF08BD2FC83C}.Debug|x64.ActiveCfg = Debug|x64
		{804D9A5F-29C9-4850-8EE2-DF08BD2FC83C}.Debug|x64.Build.0 = Debug|x64
		{804D9A5F-29C9-4850-8EE2-DF08BD2FC83C}.Debug|x86.ActiveCfg = Debug|Win32
		{804D9A5F-29C9-4850-8EE2-DF08BD2FC83C}.Debug|x86.Build.0 = Debug|Win32
		{804D9A5F-29C9-4850-8EE2-DF08BD2FC83C}.Release|x64.ActiveCfg = Release|x64
		{804D9A5F-29C9-4850-8EE2-DF08BD2FC83C}.Release|x64.Build.0 = Release|x64
		{804D9A5F-29C9-4850-8EE2-DF08BD2FC83C}.Release|x86.ActiveCfg = Release|Win32
		{804D9A5F-29C9-4850-8EE2-DF08BD2FC83C}.Release|x86.Build.0 = Release|Win32
	EndGlobalSection
	GlobalSection(SolutionProperties) = preSolution
		HideSolutionNode = FALSE
	EndGlobalSection
	GlobalSection(ExtensibilityGlobals) = postSolution
		SolutionGuid = {5B15A43F-59C7-423A-B732-DC1CCB7253A3}
	EndGlobalSection
EndGlobal
